
Microsoft Visual Studio Solution File, Format Version 12.00
# Visual Studio Version 17
VisualStudioVersion = 17.14.36301.6 d17.14
MinimumVisualStudioVersion = 10.0.40219.1
Project("{FAE04EC0-301F-11D3-BF4B-00C04F79EFBC}") = "Operators", "Operators\Operators.csproj", "{BBE47D10-F4FD-40EE-AD2F-37A4EA599924}"
EndProject
Global
	GlobalSection(SolutionConfigurationPlatforms) = preSolution
		Debug|Any CPU = Debug|Any CPU
		Release|Any CPU = Release|Any CPU
	EndGlobalSection
	GlobalSection(ProjectConfigurationPlatforms) = postSolution
		{BBE47D10-F4FD-40EE-AD2F-37A4EA599924}.Debug|Any CPU.ActiveCfg = Debug|Any CPU
		{BBE47D10-F4FD-40EE-AD2F-37A4EA599924}.Debug|Any CPU.Build.0 = Debug|Any CPU
		{BBE47D10-F4FD-40EE-AD2F-37A4EA599924}.Release|Any CPU.ActiveCfg = Release|Any CPU
		{BBE47D10-F4FD-40EE-AD2F-37A4EA599924}.Release|Any CPU.Build.0 = Release|Any CPU
	EndGlobalSection
	GlobalSection(SolutionProperties) = preSolution
		HideSolutionNode = FALSE
	EndGlobalSection
	GlobalSection(ExtensibilityGlobals) = postSolution
		SolutionGuid = {6A540501-F840-4C6D-85D3-A2520DFF94D8}
	EndGlobalSection
EndGlobal
